
Microsoft Visual Studio Solution File, Format Version 12.00
# Visual Studio 14
VisualStudioVersion = 14.0.25420.1
MinimumVisualStudioVersion = 10.0.40219.1
Project("{FAE04EC0-301F-11D3-BF4B-00C04F79EFBC}") = "InfoManageSystem.Domain", "InfoManageSystem.Domain\InfoManageSystem.Domain.csproj", "{A0DE8704-D6CD-40D9-B546-D0B5727B97F3}"
EndProject
Project("{FAE04EC0-301F-11D3-BF4B-00C04F79EFBC}") = "InfoManageSystem.WebUI", "InfoManageSystem.WebUI\InfoManageSystem.WebUI.csproj", "{79342D2B-EABB-4C20-90E3-21A78EAB72BD}"
EndProject
Project("{FAE04EC0-301F-11D3-BF4B-00C04F79EFBC}") = "InfoManageSystem.UnitTests", "InfoManageSystem\InfoManageSystem.UnitTests.csproj", "{DA555C96-3EEE-4C10-A981-D72FCBAC8228}"
EndProject
Project("{FAE04EC0-301F-11D3-BF4B-00C04F79EFBC}") = "InfoManageSystem.Util", "InfoManageSystem.Util\InfoManageSystem.Util.csproj", "{7B0F8C03-7352-433E-9DD2-5E9EF7B087DC}"
EndProject
Project("{FAE04EC0-301F-11D3-BF4B-00C04F79EFBC}") = "InfoManageSystem.Service", "InfoManageSystem.Service\InfoManageSystem.Service.csproj", "{42B94F63-B382-42DF-A480-48C2BDE475DA}"
EndProject
Project("{FAE04EC0-301F-11D3-BF4B-00C04F79EFBC}") = "InfoManageSystem.ViewModel", "InfoManageSystem.ViewModel\InfoManageSystem.ViewModel.csproj", "{4EF72C09-7E8D-4E2D-B831-8509C879258F}"
EndProject
Project("{8BC9CEB8-8B4A-11D0-8D11-00A0C91BC942}") = "Win32Lib", "Win32Lib\Win32Lib.vcxproj", "{EB8CA259-1408-404D-9DAD-7B2A55D0E449}"
EndProject
Global
	GlobalSection(SolutionConfigurationPlatforms) = preSolution
		Debug|Any CPU = Debug|Any CPU
		Debug|x64 = Debug|x64
		Debug|x86 = Debug|x86
		Release|Any CPU = Release|Any CPU
		Release|x64 = Release|x64
		Release|x86 = Release|x86
	EndGlobalSection
	GlobalSection(ProjectConfigurationPlatforms) = postSolution
		{A0DE8704-D6CD-40D9-B546-D0B5727B97F3}.Debug|Any CPU.ActiveCfg = Debug|Any CPU
		{A0DE8704-D6CD-40D9-B546-D0B5727B97F3}.Debug|Any CPU.Build.0 = Debug|Any CPU
		{A0DE8704-D6CD-40D9-B546-D0B5727B97F3}.Debug|x64.ActiveCfg = Debug|Any CPU
		{A0DE8704-D6CD-40D9-B546-D0B5727B97F3}.Debug|x64.Build.0 = Debug|Any CPU
		{A0DE8704-D6CD-40D9-B546-D0B5727B97F3}.Debug|x86.ActiveCfg = Debug|Any CPU
		{A0DE8704-D6CD-40D9-B546-D0B5727B97F3}.Debug|x86.Build.0 = Debug|Any CPU
		{A0DE8704-D6CD-40D9-B546-D0B5727B97F3}.Release|Any CPU.ActiveCfg = Release|Any CPU
		{A0DE8704-D6CD-40D9-B546-D0B5727B97F3}.Release|Any CPU.Build.0 = Release|Any CPU
		{A0DE8704-D6CD-40D9-B546-D0B5727B97F3}.Release|x64.ActiveCfg = Release|Any CPU
		{A0DE8704-D6CD-40D9-B546-D0B5727B97F3}.Release|x64.Build.0 = Release|Any CPU
		{A0DE8704-D6CD-40D9-B546-D0B5727B97F3}.Release|x86.ActiveCfg = Release|Any CPU
		{A0DE8704-D6CD-40D9-B546-D0B5727B97F3}.Release|x86.Build.0 = Release|Any CPU
		{79342D2B-EABB-4C20-90E3-21A78EAB72BD}.Debug|Any CPU.ActiveCfg = Debug|Any CPU
		{79342D2B-EABB-4C20-90E3-21A78EAB72BD}.Debug|Any CPU.Build.0 = Debug|Any CPU
		{79342D2B-EABB-4C20-90E3-21A78EAB72BD}.Debug|x64.ActiveCfg = Debug|Any CPU
		{79342D2B-EABB-4C20-90E3-21A78EAB72BD}.Debug|x64.Build.0 = Debug|Any CPU
		{79342D2B-EABB-4C20-90E3-21A78EAB72BD}.Debug|x86.ActiveCfg = Debug|Any CPU
		{79342D2B-EABB-4C20-90E3-21A78EAB72BD}.Debug|x86.Build.0 = Debug|Any CPU
		{79342D2B-EABB-4C20-90E3-21A78EAB72BD}.Release|Any CPU.ActiveCfg = Release|Any CPU
		{79342D2B-EABB-4C20-90E3-21A78EAB72BD}.Release|Any CPU.Build.0 = Release|Any CPU
		{79342D2B-EABB-4C20-90E3-21A78EAB72BD}.Release|x64.ActiveCfg = Release|Any CPU
		{79342D2B-EABB-4C20-90E3-21A78EAB72BD}.Release|x64.Build.0 = Release|Any CPU
		{79342D2B-EABB-4C20-90E3-21A78EAB72BD}.Release|x86.ActiveCfg = Release|Any CPU
		{79342D2B-EABB-4C20-90E3-21A78EAB72BD}.Release|x86.Build.0 = Release|Any CPU
		{DA555C96-3EEE-4C10-A981-D72FCBAC8228}.Debug|Any CPU.ActiveCfg = Debug|Any CPU
		{DA555C96-3EEE-4C10-A981-D72FCBAC8228}.Debug|Any CPU.Build.0 = Debug|Any CPU
		{DA555C96-3EEE-4C10-A981-D72FCBAC8228}.Debug|x64.ActiveCfg = Debug|Any CPU
		{DA555C96-3EEE-4C10-A981-D72FCBAC8228}.Debug|x64.Build.0 = Debug|Any CPU
		{DA555C96-3EEE-4C10-A981-D72FCBAC8228}.Debug|x86.ActiveCfg = Debug|Any CPU
		{DA555C96-3EEE-4C10-A981-D72FCBAC8228}.Debug|x86.Build.0 = Debug|Any CPU
		{DA555C96-3EEE-4C10-A981-D72FCBAC8228}.Release|Any CPU.ActiveCfg = Release|Any CPU
		{DA555C96-3EEE-4C10-A981-D72FCBAC8228}.Release|Any CPU.Build.0 = Release|Any CPU
		{DA555C96-3EEE-4C10-A981-D72FCBAC8228}.Release|x64.ActiveCfg = Release|Any CPU
		{DA555C96-3EEE-4C10-A981-D72FCBAC8228}.Release|x64.Build.0 = Release|Any CPU
		{DA555C96-3EEE-4C10-A981-D72FCBAC8228}.Release|x86.ActiveCfg = Release|Any CPU
		{DA555C96-3EEE-4C10-A981-D72FCBAC8228}.Release|x86.Build.0 = Release|Any CPU
		{7B0F8C03-7352-433E-9DD2-5E9EF7B087DC}.Debug|Any CPU.ActiveCfg = Debug|Any CPU
		{7B0F8C03-7352-433E-9DD2-5E9EF7B087DC}.Debug|Any CPU.Build.0 = Debug|Any CPU
		{7B0F8C03-7352-433E-9DD2-5E9EF7B087DC}.Debug|x64.ActiveCfg = Debug|Any CPU
		{7B0F8C03-7352-433E-9DD2-5E9EF7B087DC}.Debug|x64.Build.0 = Debug|Any CPU
		{7B0F8C03-7352-433E-9DD2-5E9EF7B087DC}.Debug|x86.ActiveCfg = Debug|Any CPU
		{7B0F8C03-7352-433E-9DD2-5E9EF7B087DC}.Debug|x86.Build.0 = Debug|Any CPU
		{7B0F8C03-7352-433E-9DD2-5E9EF7B087DC}.Release|Any CPU.ActiveCfg = Release|Any CPU
		{7B0F8C03-7352-433E-9DD2-5E9EF7B087DC}.Release|Any CPU.Build.0 = Release|Any CPU
		{7B0F8C03-7352-433E-9DD2-5E9EF7B087DC}.Release|x64.ActiveCfg = Release|Any CPU
		{7B0F8C03-7352-433E-9DD2-5E9EF7B087DC}.Release|x64.Build.0 = Release|Any CPU
		{7B0F8C03-7352-433E-9DD2-5E9EF7B087DC}.Release|x86.ActiveCfg = Release|Any CPU
		{7B0F8C03-7352-433E-9DD2-5E9EF7B087DC}.Release|x86.Build.0 = Release|Any CPU
		{42B94F63-B382-42DF-A480-48C2BDE475DA}.Debug|Any CPU.ActiveCfg = Debug|Any CPU
		{42B94F63-B382-42DF-A480-48C2BDE475DA}.Debug|Any CPU.Build.0 = Debug|Any CPU
		{42B94F63-B382-42DF-A480-48C2BDE475DA}.Debug|x64.ActiveCfg = Debug|Any CPU
		{42B94F63-B382-42DF-A480-48C2BDE475DA}.Debug|x64.Build.0 = Debug|Any CPU
		{42B94F63-B382-42DF-A480-48C2BDE475DA}.Debug|x86.ActiveCfg = Debug|Any CPU
		{42B94F63-B382-42DF-A480-48C2BDE475DA}.Debug|x86.Build.0 = Debug|Any CPU
		{42B94F63-B382-42DF-A480-48C2BDE475DA}.Release|Any CPU.ActiveCfg = Release|Any CPU
		{42B94F63-B382-42DF-A480-48C2BDE475DA}.Release|Any CPU.Build.0 = Release|Any CPU
		{42B94F63-B382-42DF-A480-48C2BDE475DA}.Release|x64.ActiveCfg = Release|Any CPU
		{42B94F63-B382-42DF-A480-48C2BDE475DA}.Release|x64.Build.0 = Release|Any CPU
		{42B94F63-B382-42DF-A480-48C2BDE475DA}.Release|x86.ActiveCfg = Release|Any CPU
		{42B94F63-B382-42DF-A480-48C2BDE475DA}.Release|x86.Build.0 = Release|Any CPU
		{4EF72C09-7E8D-4E2D-B831-8509C879258F}.Debug|Any CPU.ActiveCfg = Debug|Any CPU
		{4EF72C09-7E8D-4E2D-B831-8509C879258F}.Debug|Any CPU.Build.0 = Debug|Any CPU
		{4EF72C09-7E8D-4E2D-B831-8509C879258F}.Debug|x64.ActiveCfg = Debug|Any CPU
		{4EF72C09-7E8D-4E2D-B831-8509C879258F}.Debug|x64.Build.0 = Debug|Any CPU
		{4EF72C09-7E8D-4E2D-B831-8509C879258F}.Debug|x86.ActiveCfg = Debug|Any CPU
		{4EF72C09-7E8D-4E2D-B831-8509C879258F}.Debug|x86.Build.0 = Debug|Any CPU
		{4EF72C09-7E8D-4E2D-B831-8509C879258F}.Release|Any CPU.ActiveCfg = Release|Any CPU
		{4EF72C09-7E8D-4E2D-B831-8509C879258F}.Release|Any CPU.Build.0 = Release|Any CPU
		{4EF72C09-7E8D-4E2D-B831-8509C879258F}.Release|x64.ActiveCfg = Release|Any CPU
		{4EF72C09-7E8D-4E2D-B831-8509C879258F}.Release|x64.Build.0 = Release|Any CPU
		{4EF72C09-7E8D-4E2D-B831-8509C879258F}.Release|x86.ActiveCfg = Release|Any CPU
		{4EF72C09-7E8D-4E2D-B831-8509C879258F}.Release|x86.Build.0 = Release|Any CPU
		{EB8CA259-1408-404D-9DAD-7B2A55D0E449}.Debug|Any CPU.ActiveCfg = Debug|Win32
		{EB8CA259-1408-404D-9DAD-7B2A55D0E449}.Debug|x64.ActiveCfg = Debug|x64
		{EB8CA259-1408-404D-9DAD-7B2A55D0E449}.Debug|x64.Build.0 = Debug|x64
		{EB8CA259-1408-404D-9DAD-7B2A55D0E449}.Debug|x86.ActiveCfg = Debug|Win32
		{EB8CA259-1408-404D-9DAD-7B2A55D0E449}.Debug|x86.Build.0 = Debug|Win32
		{EB8CA259-1408-404D-9DAD-7B2A55D0E449}.Release|Any CPU.ActiveCfg = Release|Win32
		{EB8CA259-1408-404D-9DAD-7B2A55D0E449}.Release|x64.ActiveCfg = Release|x64
		{EB8CA259-1408-404D-9DAD-7B2A55D0E449}.Release|x64.Build.0 = Release|x64
		{EB8CA259-1408-404D-9DAD-7B2A55D0E449}.Release|x86.ActiveCfg = Release|Win32
		{EB8CA259-1408-404D-9DAD-7B2A55D0E449}.Release|x86.Build.0 = Release|Win32
	EndGlobalSection
	GlobalSection(SolutionProperties) = preSolution
		HideSolutionNode = FALSE
	EndGlobalSection
EndGlobal
